
Microsoft Visual Studio Solution File, Format Version 12.00
# Visual Studio Version 16
VisualStudioVersion = 16.0.29215.179
MinimumVisualStudioVersion = 10.0.40219.1
Project("{FAE04EC0-301F-11D3-BF4B-00C04F79EFBC}") = "SFDevWorkshop", "SFDevWorkshop\SFDevWorkshop.csproj", "{76165CD0-2B50-49BA-842D-2D888D17EDEE}"
EndProject
Global
	GlobalSection(SolutionConfigurationPlatforms) = preSolution
		Debug|Any CPU = Debug|Any CPU
		Release|Any CPU = Release|Any CPU
	EndGlobalSection
	GlobalSection(ProjectConfigurationPlatforms) = postSolution
		{76165CD0-2B50-49BA-842D-2D888D17EDEE}.Debug|Any CPU.ActiveCfg = Debug|Any CPU
		{76165CD0-2B50-49BA-842D-2D888D17EDEE}.Debug|Any CPU.Build.0 = Debug|Any CPU
		{76165CD0-2B50-49BA-842D-2D888D17EDEE}.Release|Any CPU.ActiveCfg = Release|Any CPU
		{76165CD0-2B50-49BA-842D-2D888D17EDEE}.Release|Any CPU.Build.0 = Release|Any CPU
	EndGlobalSection
	GlobalSection(SolutionProperties) = preSolution
		HideSolutionNode = FALSE
	EndGlobalSection
	GlobalSection(ExtensibilityGlobals) = postSolution
		SolutionGuid = {8DFF570B-DABB-4183-8C1E-FD5ACADEFCDD}
	EndGlobalSection
EndGlobal
